
Microsoft Visual Studio Solution File, Format Version 12.00
# Visual Studio Version 17
VisualStudioVersion = 17.11.35312.102
MinimumVisualStudioVersion = 10.0.40219.1
Project("{9A19103F-16F7-4668-BE54-9A1E7A4F7556}") = "CaseStudy", "CaseStudy.csproj", "{DAFB2921-DD03-422A-8C15-33A1E4D9C00F}"
EndProject
Project("{FAE04EC0-301F-11D3-BF4B-00C04F79EFBC}") = "CARS.Tests", "..\CARS.Tests\CARS.Tests.csproj", "{67F270F5-C73F-4ED0-83CD-D54B1F67DED3}"
EndProject
Global
	GlobalSection(SolutionConfigurationPlatforms) = preSolution
		Debug|Any CPU = Debug|Any CPU
		Release|Any CPU = Release|Any CPU
	EndGlobalSection
	GlobalSection(ProjectConfigurationPlatforms) = postSolution
		{DAFB2921-DD03-422A-8C15-33A1E4D9C00F}.Debug|Any CPU.ActiveCfg = Debug|Any CPU
		{DAFB2921-DD03-422A-8C15-33A1E4D9C00F}.Debug|Any CPU.Build.0 = Debug|Any CPU
		{DAFB2921-DD03-422A-8C15-33A1E4D9C00F}.Release|Any CPU.ActiveCfg = Release|Any CPU
		{DAFB2921-DD03-422A-8C15-33A1E4D9C00F}.Release|Any CPU.Build.0 = Release|Any CPU
		{67F270F5-C73F-4ED0-83CD-D54B1F67DED3}.Debug|Any CPU.ActiveCfg = Debug|Any CPU
		{67F270F5-C73F-4ED0-83CD-D54B1F67DED3}.Debug|Any CPU.Build.0 = Debug|Any CPU
		{67F270F5-C73F-4ED0-83CD-D54B1F67DED3}.Release|Any CPU.ActiveCfg = Release|Any CPU
		{67F270F5-C73F-4ED0-83CD-D54B1F67DED3}.Release|Any CPU.Build.0 = Release|Any CPU
	EndGlobalSection
	GlobalSection(SolutionProperties) = preSolution
		HideSolutionNode = FALSE
	EndGlobalSection
	GlobalSection(ExtensibilityGlobals) = postSolution
		SolutionGuid = {C8FDCADD-5B70-4163-99CC-5581518E6376}
	EndGlobalSection
EndGlobal
